
Microsoft Visual Studio Solution File, Format Version 12.00
# Visual Studio 15
VisualStudioVersion = 15.0.28307.1433
MinimumVisualStudioVersion = 10.0.40219.1
Project("{FAE04EC0-301F-11D3-BF4B-00C04F79EFBC}") = "Task1", "AutomationWithHelperVS17_28Aug191\Task1.csproj", "{0CA50701-7013-4C6C-B993-FFCC5B2391EF}"
EndProject
Global
	GlobalSection(SolutionConfigurationPlatforms) = preSolution
		Debug|Any CPU = Debug|Any CPU
		Release|Any CPU = Release|Any CPU
	EndGlobalSection
	GlobalSection(ProjectConfigurationPlatforms) = postSolution
		{0CA50701-7013-4C6C-B993-FFCC5B2391EF}.Debug|Any CPU.ActiveCfg = Debug|Any CPU
		{0CA50701-7013-4C6C-B993-FFCC5B2391EF}.Debug|Any CPU.Build.0 = Debug|Any CPU
		{0CA50701-7013-4C6C-B993-FFCC5B2391EF}.Release|Any CPU.ActiveCfg = Release|Any CPU
		{0CA50701-7013-4C6C-B993-FFCC5B2391EF}.Release|Any CPU.Build.0 = Release|Any CPU
	EndGlobalSection
	GlobalSection(SolutionProperties) = preSolution
		HideSolutionNode = FALSE
	EndGlobalSection
	GlobalSection(ExtensibilityGlobals) = postSolution
		SolutionGuid = {F1963F20-6B0A-4B32-B574-09A2C08AF8A3}
	EndGlobalSection
EndGlobal
